
Microsoft Visual Studio Solution File, Format Version 12.00
# Visual Studio 14
VisualStudioVersion = 14.0.25420.1
MinimumVisualStudioVersion = 10.0.40219.1
Project("{FAE04EC0-301F-11D3-BF4B-00C04F79EFBC}") = "VaperREST", "VaperREST\VaperREST.csproj", "{927B0AC5-2E07-46BA-9040-0078093DFF7E}"
EndProject
Project("{FAE04EC0-301F-11D3-BF4B-00C04F79EFBC}") = "VaperClientConsole", "VaperClientConsole\VaperClientConsole.csproj", "{C364B992-6D8D-40F7-9F39-D60A33760F72}"
EndProject
Global
	GlobalSection(SolutionConfigurationPlatforms) = preSolution
		Debug|Any CPU = Debug|Any CPU
		Release|Any CPU = Release|Any CPU
	EndGlobalSection
	GlobalSection(ProjectConfigurationPlatforms) = postSolution
		{927B0AC5-2E07-46BA-9040-0078093DFF7E}.Debug|Any CPU.ActiveCfg = Debug|Any CPU
		{927B0AC5-2E07-46BA-9040-0078093DFF7E}.Debug|Any CPU.Build.0 = Debug|Any CPU
		{927B0AC5-2E07-46BA-9040-0078093DFF7E}.Release|Any CPU.ActiveCfg = Release|Any CPU
		{927B0AC5-2E07-46BA-9040-0078093DFF7E}.Release|Any CPU.Build.0 = Release|Any CPU
		{C364B992-6D8D-40F7-9F39-D60A33760F72}.Debug|Any CPU.ActiveCfg = Debug|Any CPU
		{C364B992-6D8D-40F7-9F39-D60A33760F72}.Debug|Any CPU.Build.0 = Debug|Any CPU
		{C364B992-6D8D-40F7-9F39-D60A33760F72}.Release|Any CPU.ActiveCfg = Release|Any CPU
		{C364B992-6D8D-40F7-9F39-D60A33760F72}.Release|Any CPU.Build.0 = Release|Any CPU
	EndGlobalSection
	GlobalSection(SolutionProperties) = preSolution
		HideSolutionNode = FALSE
	EndGlobalSection
EndGlobal
